
Microsoft Visual Studio Solution File, Format Version 12.00
# Visual Studio 15
VisualStudioVersion = 15.0.26730.16
MinimumVisualStudioVersion = 10.0.40219.1
Project("{FAE04EC0-301F-11D3-BF4B-00C04F79EFBC}") = "ClassLibrary", "Collections\ClassLibrary.csproj", "{38518A32-D8DB-449D-BFA5-EBDAA36D4FE9}"
EndProject
Project("{FAE04EC0-301F-11D3-BF4B-00C04F79EFBC}") = "ConsoleApp", "ConsoleApp\ConsoleApp.csproj", "{8B98F69B-020F-4D18-AFAB-941119FA5A51}"
EndProject
Global
	GlobalSection(SolutionConfigurationPlatforms) = preSolution
		Debug|Any CPU = Debug|Any CPU
		Release|Any CPU = Release|Any CPU
	EndGlobalSection
	GlobalSection(ProjectConfigurationPlatforms) = postSolution
		{38518A32-D8DB-449D-BFA5-EBDAA36D4FE9}.Debug|Any CPU.ActiveCfg = Debug|Any CPU
		{38518A32-D8DB-449D-BFA5-EBDAA36D4FE9}.Debug|Any CPU.Build.0 = Debug|Any CPU
		{38518A32-D8DB-449D-BFA5-EBDAA36D4FE9}.Release|Any CPU.ActiveCfg = Release|Any CPU
		{38518A32-D8DB-449D-BFA5-EBDAA36D4FE9}.Release|Any CPU.Build.0 = Release|Any CPU
		{8B98F69B-020F-4D18-AFAB-941119FA5A51}.Debug|Any CPU.ActiveCfg = Debug|Any CPU
		{8B98F69B-020F-4D18-AFAB-941119FA5A51}.Debug|Any CPU.Build.0 = Debug|Any CPU
		{8B98F69B-020F-4D18-AFAB-941119FA5A51}.Release|Any CPU.ActiveCfg = Release|Any CPU
		{8B98F69B-020F-4D18-AFAB-941119FA5A51}.Release|Any CPU.Build.0 = Release|Any CPU
	EndGlobalSection
	GlobalSection(SolutionProperties) = preSolution
		HideSolutionNode = FALSE
	EndGlobalSection
	GlobalSection(ExtensibilityGlobals) = postSolution
		SolutionGuid = {E7F19C3C-7F59-492F-A8D2-A8002B7D0DC6}
	EndGlobalSection
EndGlobal
